{
  "name": "site",
  "version": "1.0.0",
  "lockfileVersion": 1,
  "requires": true,
  "dependencies": {
    "font-awesome": {
      "version": "4.7.0",
      "resolved": "https://registry.npmjs.org/font-awesome/-/font-awesome-4.7.0.tgz",
      "integrity": "sha1-j6jPBBGhoxr9B7BtKQK7n8gVoTM="
    },
    "jquery": {
      "version": "3.5.0",
      "resolved": "https://registry.npmjs.org/jquery/-/jquery-3.5.0.tgz",
      "integrity": "sha512-Xb7SVYMvygPxbFMpTFQiHh1J7HClEaThguL15N/Gg37Lri/qKyhRGZYzHRyLH8Stq3Aow0LsHO2O2ci86fCrNQ=="
    },
    "leaflet": {
      "version": "1.6.0",
      "resolved": "https://registry.npmjs.org/leaflet/-/leaflet-1.6.0.tgz",
      "integrity": "sha512-CPkhyqWUKZKFJ6K8umN5/D2wrJ2+/8UIpXppY7QDnUZW5bZL5+SEI2J7GBpwh4LIupOKqbNSQXgqmrEJopHVNQ=="
    },
    "leaflet-maskcanvas": {
      "version": "1.0.0",
      "resolved": "https://registry.npmjs.org/leaflet-maskcanvas/-/leaflet-maskcanvas-1.0.0.tgz",
      "integrity": "sha512-uADKXRd3NlTcvh9cX2J5YSRcuCgJjJpjKXgU+gaXjTX0De6gLxSZrK0kEzsRCOguC6VvVViXETQKCM+ArdecvA=="
    },
    "leaflet-sidebar-v2": {
      "version": "3.2.2",
      "resolved": "https://registry.npmjs.org/leaflet-sidebar-v2/-/leaflet-sidebar-v2-3.2.2.tgz",
      "integrity": "sha512-LwDiEvC3TAybIxHt+ud2rkdvJxQFMFpS9Xk02nvC8h2YRx5/+cYySFgM76Z8fEHPOl02htLWECmGitSwGVf/+A=="
    },
    "leaflet.featuregroup.subgroup": {
      "version": "1.0.2",
      "resolved": "https://registry.npmjs.org/leaflet.featuregroup.subgroup/-/leaflet.featuregroup.subgroup-1.0.2.tgz",
      "integrity": "sha1-/7yW6m20GJO21ftgugnxOHbEXSg="
    },
    "leaflet.markercluster": {
      "version": "1.4.1",
      "resolved": "https://registry.npmjs.org/leaflet.markercluster/-/leaflet.markercluster-1.4.1.tgz",
      "integrity": "sha512-ZSEpE/EFApR0bJ1w/dUGwTSUvWlpalKqIzkaYdYB7jaftQA/Y2Jav+eT4CMtEYFj+ZK4mswP13Q2acnPBnhGOw=="
    },
    "micromodal": {
      "version": "0.4.6",
      "resolved": "https://registry.npmjs.org/micromodal/-/micromodal-0.4.6.tgz",
      "integrity": "sha512-2VDso2a22jWPpqwuWT/4RomVpoU3Bl9qF9D01xzwlNp5UVsImeA0gY4nSpF44vqcQtQOtkiMUV9EZkAJSRxBsg=="
    }
  }
}
